
Microsoft Visual Studio Solution File, Format Version 12.00
# Visual Studio Version 17
VisualStudioVersion = 17.11.35303.130
MinimumVisualStudioVersion = 10.0.40219.1
Project("{FAE04EC0-301F-11D3-BF4B-00C04F79EFBC}") = "cms-microservice.API", "cms-microservice.API\cms-microservice.API.csproj", "{548F2148-EED2-4E9B-B1B0-A78428628010}"
EndProject
Global
	GlobalSection(SolutionConfigurationPlatforms) = preSolution
		Debug|Any CPU = Debug|Any CPU
		Release|Any CPU = Release|Any CPU
	EndGlobalSection
	GlobalSection(ProjectConfigurationPlatforms) = postSolution
		{548F2148-EED2-4E9B-B1B0-A78428628010}.Debug|Any CPU.ActiveCfg = Debug|Any CPU
		{548F2148-EED2-4E9B-B1B0-A78428628010}.Debug|Any CPU.Build.0 = Debug|Any CPU
		{548F2148-EED2-4E9B-B1B0-A78428628010}.Release|Any CPU.ActiveCfg = Release|Any CPU
		{548F2148-EED2-4E9B-B1B0-A78428628010}.Release|Any CPU.Build.0 = Release|Any CPU
	EndGlobalSection
	GlobalSection(SolutionProperties) = preSolution
		HideSolutionNode = FALSE
	EndGlobalSection
	GlobalSection(ExtensibilityGlobals) = postSolution
		SolutionGuid = {02566B16-80BB-4A9B-A38D-4F3212BD117B}
	EndGlobalSection
EndGlobal
